// !$*UTF8*$!
{
	archiveVersion = 1;
	classes = {
	};
	objectVersion = 46;
	objects = {

/* Begin PBXBuildFile section */
		5EF0A39D20AD514C00A3FC11 /* AppDelegate.swift in Sources */ = {isa = PBXBuildFile; fileRef = 5EF0A39C20AD514C00A3FC11 /* AppDelegate.swift */; };
		5EF0A39F20AD514C00A3FC11 /* ViewController.swift in Sources */ = {isa = PBXBuildFile; fileRef = 5EF0A39E20AD514C00A3FC11 /* ViewController.swift */; };
		5EF0A3A220AD514C00A3FC11 /* Main.storyboard in Resources */ = {isa = PBXBuildFile; fileRef = 5EF0A3A020AD514C00A3FC11 /* Main.storyboard */; };
		5EF0A3A420AD514C00A3FC11 /* Assets.xcassets in Resources */ = {isa = PBXBuildFile; fileRef = 5EF0A3A320AD514C00A3FC11 /* Assets.xcassets */; };
		5EF0A3A720AD514C00A3FC11 /* LaunchScreen.storyboard in Resources */ = {isa = PBXBuildFile; fileRef = 5EF0A3A520AD514C00A3FC11 /* LaunchScreen.storyboard */; };
		5EF0A3B220AD514C00A3FC11 /* SizeClassesTests.swift in Sources */ = {isa = PBXBuildFile; fileRef = 5EF0A3B120AD514C00A3FC11 /* SizeClassesTests.swift */; };
		5EF0A3BD20AD514C00A3FC11 /* SizeClassesUITests.swift in Sources */ = {isa = PBXBuildFile; fileRef = 5EF0A3BC20AD514C00A3FC11 /* SizeClassesUITests.swift */; };
/* End PBXBuildFile section */

/* Begin PBXContainerItemProxy section */
		5EF0A3AE20AD514C00A3FC11 /* PBXContainerItemProxy */ = {
			isa = PBXContainerItemProxy;
			containerPortal = 5EF0A39120AD514C00A3FC11 /* Project object */;
			proxyType = 1;
			remoteGlobalIDString = 5EF0A39820AD514C00A3FC11;
			remoteInfo = SizeClasses;
		};
		5EF0A3B920AD514C00A3FC11 /* PBXContainerItemProxy */ = {
			isa = PBXContainerItemProxy;
			containerPortal = 5EF0A39120AD514C00A3FC11 /* Project object */;
			proxyType = 1;
			remoteGlobalIDString = 5EF0A39820AD514C00A3FC11;
			remoteInfo = SizeClasses;
		};
/* End PBXContainerItemProxy section */

/* Begin PBXFileReference section */
		5EF0A39920AD514C00A3FC11 /* SizeClasses.app */ = {isa = PBXFileReference; explicitFileType = wrapper.application; includeInIndex = 0; path = SizeClasses.app; sourceTree = BUILT_PRODUCTS_DIR; };
		5EF0A39C20AD514C00A3FC11 /* AppDelegate.swift */ = {isa = PBXFileReference; lastKnownFileType = sourcecode.swift; path = AppDelegate.swift; sourceTree = "<group>"; };
		5EF0A39E20AD514C00A3FC11 /* ViewController.swift */ = {isa = PBXFileReference; lastKnownFileType = sourcecode.swift; path = ViewController.swift; sourceTree = "<group>"; };
		5EF0A3A120AD514C00A3FC11 /* Base */ = {isa = PBXFileReference; lastKnownFileType = file.storyboard; name = Base; path = Base.lproj/Main.storyboard; sourceTree = "<group>"; };
		5EF0A3A320AD514C00A3FC11 /* Assets.xcassets */ = {isa = PBXFileReference; lastKnownFileType = folder.assetcatalog; path = Assets.xcassets; sourceTree = "<group>"; };
		5EF0A3A620AD514C00A3FC11 /* Base */ = {isa = PBXFileReference; lastKnownFileType = file.storyboard; name = Base; path = Base.lproj/LaunchScreen.storyboard; sourceTree = "<group>"; };
		5EF0A3A820AD514C00A3FC11 /* Info.plist */ = {isa = PBXFileReference; lastKnownFileType = text.plist.xml; path = Info.plist; sourceTree = "<group>"; };
		5EF0A3AD20AD514C00A3FC11 /* SizeClassesTests.xctest */ = {isa = PBXFileReference; explicitFileType = wrapper.cfbundle; includeInIndex = 0; path = SizeClassesTests.xctest; sourceTree = BUILT_PRODUCTS_DIR; };
		5EF0A3B120AD514C00A3FC11 /* SizeClassesTests.swift */ = {isa = PBXFileReference; lastKnownFileType = sourcecode.swift; path = SizeClassesTests.swift; sourceTree = "<group>"; };
		5EF0A3B320AD514C00A3FC11 /* Info.plist */ = {isa = PBXFileReference; lastKnownFileType = text.plist.xml; path = Info.plist; sourceTree = "<group>"; };
		5EF0A3B820AD514C00A3FC11 /* SizeClassesUITests.xctest */ = {isa = PBXFileReference; explicitFileType = wrapper.cfbundle; includeInIndex = 0; path = SizeClassesUITests.xctest; sourceTree = BUILT_PRODUCTS_DIR; };
		5EF0A3BC20AD514C00A3FC11 /* SizeClassesUITests.swift */ = {isa = PBXFileReference; lastKnownFileType = sourcecode.swift; path = SizeClassesUITests.swift; sourceTree = "<group>"; };
		5EF0A3BE20AD514C00A3FC11 /* Info.plist */ = {isa = PBXFileReference; lastKnownFileType = text.plist.xml; path = Info.plist; sourceTree = "<group>"; };
/* End PBXFileReference section */

/* Begin PBXFrameworksBuildPhase section */
		5EF0A39620AD514C00A3FC11 /* Frameworks */ = {
			isa = PBXFrameworksBuildPhase;
			buildActionMask = 2147483647;
			files = (
			);
			runOnlyForDeploymentPostprocessing = 0;
		};
		5EF0A3AA20AD514C00A3FC11 /* Frameworks */ = {
			isa = PBXFrameworksBuildPhase;
			buildActionMask = 2147483647;
			files = (
			);
			runOnlyForDeploymentPostprocessing = 0;
		};
		5EF0A3B520AD514C00A3FC11 /* Frameworks */ = {
			isa = PBXFrameworksBuildPhase;
			buildActionMask = 2147483647;
			files = (
			);
			runOnlyForDeploymentPostprocessing = 0;
		};
/* End PBXFrameworksBuildPhase section */

/* Begin PBXGroup section */
		5EF0A39020AD514C00A3FC11 = {
			isa = PBXGroup;
			children = (
				5EF0A39B20AD514C00A3FC11 /* SizeClasses */,
				5EF0A3B020AD514C00A3FC11 /* SizeClassesTests */,
				5EF0A3BB20AD514C00A3FC11 /* SizeClassesUITests */,
				5EF0A39A20AD514C00A3FC11 /* Products */,
			);
			sourceTree = "<group>";
		};
		5EF0A39A20AD514C00A3FC11 /* Products */ = {
			isa = PBXGroup;
			children = (
				5EF0A39920AD514C00A3FC11 /* SizeClasses.app */,
				5EF0A3AD20AD514C00A3FC11 /* SizeClassesTests.xctest */,
				5EF0A3B820AD514C00A3FC11 /* SizeClassesUITests.xctest */,
			);
			name = Products;
			sourceTree = "<group>";
		};
		5EF0A39B20AD514C00A3FC11 /* SizeClasses */ = {
			isa = PBXGroup;
			children = (
				5EF0A39C20AD514C00A3FC11 /* AppDelegate.swift */,
				5EF0A39E20AD514C00A3FC11 /* ViewController.swift */,
				5EF0A3A020AD514C00A3FC11 /* Main.storyboard */,
				5EF0A3A320AD514C00A3FC11 /* Assets.xcassets */,
				5EF0A3A520AD514C00A3FC11 /* LaunchScreen.storyboard */,
				5EF0A3A820AD514C00A3FC11 /* Info.plist */,
			);
			path = SizeClasses;
			sourceTree = "<group>";
		};
		5EF0A3B020AD514C00A3FC11 /* SizeClassesTests */ = {
			isa = PBXGroup;
			children = (
				5EF0A3B120AD514C00A3FC11 /* SizeClassesTests.swift */,
				5EF0A3B320AD514C00A3FC11 /* Info.plist */,
			);
			path = SizeClassesTests;
			sourceTree = "<group>";
		};
		5EF0A3BB20AD514C00A3FC11 /* SizeClassesUITests */ = {
			isa = PBXGroup;
			children = (
				5EF0A3BC20AD514C00A3FC11 /* SizeClassesUITests.swift */,
				5EF0A3BE20AD514C00A3FC11 /* Info.plist */,
			);
			path = SizeClassesUITests;
			sourceTree = "<group>";
		};
/* End PBXGroup section */

/* Begin PBXNativeTarget section */
		5EF0A39820AD514C00A3FC11 /* SizeClasses */ = {
			isa = PBXNativeTarget;
			buildConfigurationList = 5EF0A3C120AD514C00A3FC11 /* Build configuration list for PBXNativeTarget "SizeClasses" */;
			buildPhases = (
				5EF0A39520AD514C00A3FC11 /* Sources */,
				5EF0A39620AD514C00A3FC11 /* Frameworks */,
				5EF0A39720AD514C00A3FC11 /* Resources */,
			);
			buildRules = (
			);
			dependencies = (
			);
			name = SizeClasses;
			productName = SizeClasses;
			productReference = 5EF0A39920AD514C00A3FC11 /* SizeClasses.app */;
			productType = "com.apple.product-type.application";
		};
		5EF0A3AC20AD514C00A3FC11 /* SizeClassesTests */ = {
			isa = PBXNativeTarget;
			buildConfigurationList = 5EF0A3C420AD514C00A3FC11 /* Build configuration list for PBXNativeTarget "SizeClassesTests" */;
			buildPhases = (
				5EF0A3A920AD514C00A3FC11 /* Sources */,
				5EF0A3AA20AD514C00A3FC11 /* Frameworks */,
				5EF0A3AB20AD514C00A3FC11 /* Resources */,
			);
			buildRules = (
			);
			dependencies = (
				5EF0A3AF20AD514C00A3FC11 /* PBXTargetDependency */,
			);
			name = SizeClassesTests;
			productName = SizeClassesTests;
			productReference = 5EF0A3AD20AD514C00A3FC11 /* SizeClassesTests.xctest */;
			productType = "com.apple.product-type.bundle.unit-test";
		};
		5EF0A3B720AD514C00A3FC11 /* SizeClassesUITests */ = {
			isa = PBXNativeTarget;
			buildConfigurationList = 5EF0A3C720AD514C00A3FC11 /* Build configuration list for PBXNativeTarget "SizeClassesUITests" */;
			buildPhases = (
				5EF0A3B420AD514C00A3FC11 /* Sources */,
				5EF0A3B520AD514C00A3FC11 /* Frameworks */,
				5EF0A3B620AD514C00A3FC11 /* Resources */,
			);
			buildRules = (
			);
			dependencies = (
				5EF0A3BA20AD514C00A3FC11 /* PBXTargetDependency */,
			);
			name = SizeClassesUITests;
			productName = SizeClassesUITests;
			productReference = 5EF0A3B820AD514C00A3FC11 /* SizeClassesUITests.xctest */;
			productType = "com.apple.product-type.bundle.ui-testing";
		};
/* End PBXNativeTarget section */

/* Begin PBXProject section */
		5EF0A39120AD514C00A3FC11 /* Project object */ = {
			isa = PBXProject;
			attributes = {
				LastSwiftUpdateCheck = 0830;
				LastUpgradeCheck = 0830;
				ORGANIZATIONNAME = "Shivaji Tanpure";
				TargetAttributes = {
					5EF0A39820AD514C00A3FC11 = {
						CreatedOnToolsVersion = 8.3.3;
						ProvisioningStyle = Automatic;
					};
					5EF0A3AC20AD514C00A3FC11 = {
						CreatedOnToolsVersion = 8.3.3;
						ProvisioningStyle = Automatic;
						TestTargetID = 5EF0A39820AD514C00A3FC11;
					};
					5EF0A3B720AD514C00A3FC11 = {
						CreatedOnToolsVersion = 8.3.3;
						ProvisioningStyle = Automatic;
						TestTargetID = 5EF0A39820AD514C00A3FC11;
					};
				};
			};
			buildConfigurationList = 5EF0A39420AD514C00A3FC11 /* Build configuration list for PBXProject "SizeClasses" */;
			compatibilityVersion = "Xcode 3.2";
			developmentRegion = English;
			hasScannedForEncodings = 0;
			knownRegions = (
				en,
				Base,
			);
			mainGroup = 5EF0A39020AD514C00A3FC11;
			productRefGroup = 5EF0A39A20AD514C00A3FC11 /* Products */;
			projectDirPath = "";
			projectRoot = "";
			targets = (
				5EF0A39820AD514C00A3FC11 /* SizeClasses */,
				5EF0A3AC20AD514C00A3FC11 /* SizeClassesTests */,
				5EF0A3B720AD514C00A3FC11 /* SizeClassesUITests */,
			);
		};
/* End PBXProject section */

/* Begin PBXResourcesBuildPhase section */
		5EF0A39720AD514C00A3FC11 /* Resources */ = {
			isa = PBXResourcesBuildPhase;
			buildActionMask = 2147483647;
			files = (
				5EF0A3A720AD514C00A3FC11 /* LaunchScreen.storyboard in Resources */,
				5EF0A3A420AD514C00A3FC11 /* Assets.xcassets in Resources */,
				5EF0A3A220AD514C00A3FC11 /* Main.storyboard in Resources */,
			);
			runOnlyForDeploymentPostprocessing = 0;
		};
		5EF0A3AB20AD514C00A3FC11 /* Resources */ = {
			isa = PBXResourcesBuildPhase;
			buildActionMask = 2147483647;
			files = (
			);
			runOnlyForDeploymentPostprocessing = 0;
		};
		5EF0A3B620AD514C00A3FC11 /* Resources */ = {
			isa = PBXResourcesBuildPhase;
			buildActionMask = 2147483647;
			files = (
			);
			runOnlyForDeploymentPostprocessing = 0;
		};
/* End PBXResourcesBuildPhase section */

/* Begin PBXSourcesBuildPhase section */
		5EF0A39520AD514C00A3FC11 /* Sources */ = {
			isa = PBXSourcesBuildPhase;
			buildActionMask = 2147483647;
			files = (
				5EF0A39F20AD514C00A3FC11 /* ViewController.swift in Sources */,
				5EF0A39D20AD514C00A3FC11 /* AppDelegate.swift in Sources */,
			);
			runOnlyForDeploymentPostprocessing = 0;
		};
		5EF0A3A920AD514C00A3FC11 /* Sources */ = {
			isa = PBXSourcesBuildPhase;
			buildActionMask = 2147483647;
			files = (
				5EF0A3B220AD514C00A3FC11 /* SizeClassesTests.swift in Sources */,
			);
			runOnlyForDeploymentPostprocessing = 0;
		};
		5EF0A3B420AD514C00A3FC11 /* Sources */ = {
			isa = PBXSourcesBuildPhase;
			buildActionMask = 2147483647;
			files = (
				5EF0A3BD20AD514C00A3FC11 /* SizeClassesUITests.swift in Sources */,
			);
			runOnlyForDeploymentPostprocessing = 0;
		};
/* End PBXSourcesBuildPhase section */

/* Begin PBXTargetDependency section */
		5EF0A3AF20AD514C00A3FC11 /* PBXTargetDependency */ = {
			isa = PBXTargetDependency;
			target = 5EF0A39820AD514C00A3FC11 /* SizeClasses */;
			targetProxy = 5EF0A3AE20AD514C00A3FC11 /* PBXContainerItemProxy */;
		};
		5EF0A3BA20AD514C00A3FC11 /* PBXTargetDependency */ = {
			isa = PBXTargetDependency;
			target = 5EF0A39820AD514C00A3FC11 /* SizeClasses */;
			targetProxy = 5EF0A3B920AD514C00A3FC11 /* PBXContainerItemProxy */;
		};
/* End PBXTargetDependency section */

/* Begin PBXVariantGroup section */
		5EF0A3A020AD514C00A3FC11 /* Main.storyboard */ = {
			isa = PBXVariantGroup;
			children = (
				5EF0A3A120AD514C00A3FC11 /* Base */,
			);
			name = Main.storyboard;
			sourceTree = "<group>";
		};
		5EF0A3A520AD514C00A3FC11 /* LaunchScreen.storyboard */ = {
			isa = PBXVariantGroup;
			children = (
				5EF0A3A620AD514C00A3FC11 /* Base */,
			);
			name = LaunchScreen.storyboard;
			sourceTree = "<group>";
		};
/* End PBXVariantGroup section */

/* Begin XCBuildConfiguration section */
		5EF0A3BF20AD514C00A3FC11 /* Debug */ = {
			isa = XCBuildConfiguration;
			buildSettings = {
				ALWAYS_SEARCH_USER_PATHS = NO;
				CLANG_ANALYZER_NONNULL = YES;
				CLANG_ANALYZER_NUMBER_OBJECT_CONVERSION = YES_AGGRESSIVE;
				CLANG_CXX_LANGUAGE_STANDARD = "gnu++0x";
				CLANG_CXX_LIBRARY = "libc++";
				CLANG_ENABLE_MODULES = YES;
				CLANG_ENABLE_OBJC_ARC = YES;
				CLANG_WARN_BOOL_CONVERSION = YES;
				CLANG_WARN_CONSTANT_CONVERSION = YES;
				CLANG_WARN_DIRECT_OBJC_ISA_USAGE = YES_ERROR;
				CLANG_WARN_DOCUMENTATION_COMMENTS = YES;
				CLANG_WARN_EMPTY_BODY = YES;
				CLANG_WARN_ENUM_CONVERSION = YES;
				CLANG_WARN_INFINITE_RECURSION = YES;
				CLANG_WARN_INT_CONVERSION = YES;
				CLANG_WARN_OBJC_ROOT_CLASS = YES_ERROR;
				CLANG_WARN_SUSPICIOUS_MOVE = YES;
				CLANG_WARN_UNREACHABLE_CODE = YES;
				CLANG_WARN__DUPLICATE_METHOD_MATCH = YES;
				"CODE_SIGN_IDENTITY[sdk=iphoneos*]" = "iPhone Developer";
				COPY_PHASE_STRIP = NO;
				DEBUG_INFORMATION_FORMAT = dwarf;
				ENABLE_STRICT_OBJC_MSGSEND = YES;
				ENABLE_TESTABILITY = YES;
				GCC_C_LANGUAGE_STANDARD = gnu99;
				GCC_DYNAMIC_NO_PIC = NO;
				GCC_NO_COMMON_BLOCKS = YES;
				GCC_OPTIMIZATION_LEVEL = 0;
				GCC_PREPROCESSOR_DEFINITIONS = (
					"DEBUG=1",
					"$(inherited)",
				);
				GCC_WARN_64_TO_32_BIT_CONVERSION = YES;
				GCC_WARN_ABOUT_RETURN_TYPE = YES_ERROR;
				GCC_WARN_UNDECLARED_SELECTOR = YES;
				GCC_WARN_UNINITIALIZED_AUTOS = YES_AGGRESSIVE;
				GCC_WARN_UNUSED_FUNCTION = YES;
				GCC_WARN_UNUSED_VARIABLE = YES;
				IPHONEOS_DEPLOYMENT_TARGET = 10.3;
				MTL_ENABLE_DEBUG_INFO = YES;
				ONLY_ACTIVE_ARCH = YES;
				SDKROOT = iphoneos;
				SWIFT_ACTIVE_COMPILATION_CONDITIONS = DEBUG;
				SWIFT_OPTIMIZATION_LEVEL = "-Onone";
				TARGETED_DEVICE_FAMILY = "1,2";
			};
			name = Debug;
		};
		5EF0A3C020AD514C00A3FC11 /* Release */ = {
			isa = XCBuildConfiguration;
			buildSettings = {
				ALWAYS_SEARCH_USER_PATHS = NO;
				CLANG_ANALYZER_NONNULL = YES;
				CLANG_ANALYZER_NUMBER_OBJECT_CONVERSION = YES_AGGRESSIVE;
				CLANG_CXX_LANGUAGE_STANDARD = "gnu++0x";
				CLANG_CXX_LIBRARY = "libc++";
				CLANG_ENABLE_MODULES = YES;
				CLANG_ENABLE_OBJC_ARC = YES;
				CLANG_WARN_BOOL_CONVERSION = YES;
				CLANG_WARN_CONSTANT_CONVERSION = YES;
				CLANG_WARN_DIRECT_OBJC_ISA_USAGE = YES_ERROR;
				CLANG_WARN_DOCUMENTATION_COMMENTS = YES;
				CLANG_WARN_EMPTY_BODY = YES;
				CLANG_WARN_ENUM_CONVERSION = YES;
				CLANG_WARN_INFINITE_RECURSION = YES;
				CLANG_WARN_INT_CONVERSION = YES;
				CLANG_WARN_OBJC_ROOT_CLASS = YES_ERROR;
				CLANG_WARN_SUSPICIOUS_MOVE = YES;
				CLANG_WARN_UNREACHABLE_CODE = YES;
				CLANG_WARN__DUPLICATE_METHOD_MATCH = YES;
				"CODE_SIGN_IDENTITY[sdk=iphoneos*]" = "iPhone Developer";
				COPY_PHASE_STRIP = NO;
				DEBUG_INFORMATION_FORMAT = "dwarf-with-dsym";
				ENABLE_NS_ASSERTIONS = NO;
				ENABLE_STRICT_OBJC_MSGSEND = YES;
				GCC_C_LANGUAGE_STANDARD = gnu99;
				GCC_NO_COMMON_BLOCKS = YES;
				GCC_WARN_64_TO_32_BIT_CONVERSION = YES;
				GCC_WARN_ABOUT_RETURN_TYPE = YES_ERROR;
				GCC_WARN_UNDECLARED_SELECTOR = YES;
				GCC_WARN_UNINITIALIZED_AUTOS = YES_AGGRESSIVE;
				GCC_WARN_UNUSED_FUNCTION = YES;
				GCC_WARN_UNUSED_VARIABLE = YES;
				IPHONEOS_DEPLOYMENT_TARGET = 10.3;
				MTL_ENABLE_DEBUG_INFO = NO;
				SDKROOT = iphoneos;
				SWIFT_OPTIMIZATION_LEVEL = "-Owholemodule";
				TARGETED_DEVICE_FAMILY = "1,2";
				VALIDATE_PRODUCT = YES;
			};
			name = Release;
		};
		5EF0A3C220AD514C00A3FC11 /* Debug */ = {
			isa = XCBuildConfiguration;
			buildSettings = {
				ASSETCATALOG_COMPILER_APPICON_NAME = AppIcon;
				INFOPLIST_FILE = SizeClasses/Info.plist;
				LD_RUNPATH_SEARCH_PATHS = "$(inherited) @executable_path/Frameworks";
				PRODUCT_BUNDLE_IDENTIFIER = atos.SizeClasses;
				PRODUCT_NAME = "$(TARGET_NAME)";
				SWIFT_VERSION = 3.0;
			};
			name = Debug;
		};
		5EF0A3C320AD514C00A3FC11 /* Release */ = {
			isa = XCBuildConfiguration;
			buildSettings = {
				ASSETCATALOG_COMPILER_APPICON_NAME = AppIcon;
				INFOPLIST_FILE = SizeClasses/Info.plist;
				LD_RUNPATH_SEARCH_PATHS = "$(inherited) @executable_path/Frameworks";
				PRODUCT_BUNDLE_IDENTIFIER = atos.SizeClasses;
				PRODUCT_NAME = "$(TARGET_NAME)";
				SWIFT_VERSION = 3.0;
			};
			name = Release;
		};
		5EF0A3C520AD514C00A3FC11 /* Debug */ = {
			isa = XCBuildConfiguration;
			buildSettings = {
				ALWAYS_EMBED_SWIFT_STANDARD_LIBRARIES = YES;
				BUNDLE_LOADER = "$(TEST_HOST)";
				INFOPLIST_FILE = SizeClassesTests/Info.plist;
				LD_RUNPATH_SEARCH_PATHS = "$(inherited) @executable_path/Frameworks @loader_path/Frameworks";
				PRODUCT_BUNDLE_IDENTIFIER = atos.SizeClassesTests;
				PRODUCT_NAME = "$(TARGET_NAME)";
				SWIFT_VERSION = 3.0;
				TEST_HOST = "$(BUILT_PRODUCTS_DIR)/SizeClasses.app/SizeClasses";
			};
			name = Debug;
		};
		5EF0A3C620AD514C00A3FC11 /* Release */ = {
			isa = XCBuildConfiguration;
			buildSettings = {
				ALWAYS_EMBED_SWIFT_STANDARD_LIBRARIES = YES;
				BUNDLE_LOADER = "$(TEST_HOST)";
				INFOPLIST_FILE = SizeClassesTests/Info.plist;
				LD_RUNPATH_SEARCH_PATHS = "$(inherited) @executable_path/Frameworks @loader_path/Frameworks";
				PRODUCT_BUNDLE_IDENTIFIER = atos.SizeClassesTests;
				PRODUCT_NAME = "$(TARGET_NAME)";
				SWIFT_VERSION = 3.0;
				TEST_HOST = "$(BUILT_PRODUCTS_DIR)/SizeClasses.app/SizeClasses";
			};
			name = Release;
		};
		5EF0A3C820AD514C00A3FC11 /* Debug */ = {
			isa = XCBuildConfiguration;
			buildSettings = {
				ALWAYS_EMBED_SWIFT_STANDARD_LIBRARIES = YES;
				INFOPLIST_FILE = SizeClassesUITests/Info.plist;
				LD_RUNPATH_SEARCH_PATHS = "$(inherited) @executable_path/Frameworks @loader_path/Frameworks";
				PRODUCT_BUNDLE_IDENTIFIER = atos.SizeClassesUITests;
				PRODUCT_NAME = "$(TARGET_NAME)";
				SWIFT_VERSION = 3.0;
				TEST_TARGET_NAME = SizeClasses;
			};
			name = Debug;
		};
		5EF0A3C920AD514C00A3FC11 /* Release */ = {
			isa = XCBuildConfiguration;
			buildSettings = {
				ALWAYS_EMBED_SWIFT_STANDARD_LIBRARIES = YES;
				INFOPLIST_FILE = SizeClassesUITests/Info.plist;
				LD_RUNPATH_SEARCH_PATHS = "$(inherited) @executable_path/Frameworks @loader_path/Frameworks";
				PRODUCT_BUNDLE_IDENTIFIER = atos.SizeClassesUITests;
				PRODUCT_NAME = "$(TARGET_NAME)";
				SWIFT_VERSION = 3.0;
				TEST_TARGET_NAME = SizeClasses;
			};
			name = Release;
		};
/* End XCBuildConfiguration section */

/* Begin XCConfigurationList section */
		5EF0A39420AD514C00A3FC11 /* Build configuration list for PBXProject "SizeClasses" */ = {
			isa = XCConfigurationList;
			buildConfigurations = (
				5EF0A3BF20AD514C00A3FC11 /* Debug */,
				5EF0A3C020AD514C00A3FC11 /* Release */,
			);
			defaultConfigurationIsVisible = 0;
			defaultConfigurationName = Release;
		};
		5EF0A3C120AD514C00A3FC11 /* Build configuration list for PBXNativeTarget "SizeClasses" */ = {
			isa = XCConfigurationList;
			buildConfigurations = (
				5EF0A3C220AD514C00A3FC11 /* Debug */,
				5EF0A3C320AD514C00A3FC11 /* Release */,
			);
			defaultConfigurationIsVisible = 0;
		};
		5EF0A3C420AD514C00A3FC11 /* Build configuration list for PBXNativeTarget "SizeClassesTests" */ = {
			isa = XCConfigurationList;
			buildConfigurations = (
				5EF0A3C520AD514C00A3FC11 /* Debug */,
				5EF0A3C620AD514C00A3FC11 /* Release */,
			);
			defaultConfigurationIsVisible = 0;
		};
		5EF0A3C720AD514C00A3FC11 /* Build configuration list for PBXNativeTarget "SizeClassesUITests" */ = {
			isa = XCConfigurationList;
			buildConfigurations = (
				5EF0A3C820AD514C00A3FC11 /* Debug */,
				5EF0A3C920AD514C00A3FC11 /* Release */,
			);
			defaultConfigurationIsVisible = 0;
		};
/* End XCConfigurationList section */
	};
	rootObject = 5EF0A39120AD514C00A3FC11 /* Project object */;
}
